
Microsoft Visual Studio Solution File, Format Version 12.00
# Visual Studio 2013
VisualStudioVersion = 12.0.40629.0
MinimumVisualStudioVersion = 10.0.40219.1
Project("{FAE04EC0-301F-11D3-BF4B-00C04F79EFBC}") = "AcademyHall", "AcademyHall\AcademyHall.csproj", "{E0B777CF-D398-4355-8133-6E531C014649}"
EndProject
Project("{FAE04EC0-301F-11D3-BF4B-00C04F79EFBC}") = "AcademyHall.Tests", "AcademyHall.Tests\AcademyHall.Tests.csproj", "{02496943-FA03-430A-8E27-FE72D28957EA}"
EndProject
Global
	GlobalSection(SolutionConfigurationPlatforms) = preSolution
		Debug|Any CPU = Debug|Any CPU
		Release|Any CPU = Release|Any CPU
	EndGlobalSection
	GlobalSection(ProjectConfigurationPlatforms) = postSolution
		{E0B777CF-D398-4355-8133-6E531C014649}.Debug|Any CPU.ActiveCfg = Debug|Any CPU
		{E0B777CF-D398-4355-8133-6E531C014649}.Debug|Any CPU.Build.0 = Debug|Any CPU
		{E0B777CF-D398-4355-8133-6E531C014649}.Release|Any CPU.ActiveCfg = Release|Any CPU
		{E0B777CF-D398-4355-8133-6E531C014649}.Release|Any CPU.Build.0 = Release|Any CPU
		{02496943-FA03-430A-8E27-FE72D28957EA}.Debug|Any CPU.ActiveCfg = Debug|Any CPU
		{02496943-FA03-430A-8E27-FE72D28957EA}.Debug|Any CPU.Build.0 = Debug|Any CPU
		{02496943-FA03-430A-8E27-FE72D28957EA}.Release|Any CPU.ActiveCfg = Release|Any CPU
		{02496943-FA03-430A-8E27-FE72D28957EA}.Release|Any CPU.Build.0 = Release|Any CPU
	EndGlobalSection
	GlobalSection(SolutionProperties) = preSolution
		HideSolutionNode = FALSE
	EndGlobalSection
EndGlobal
